{
  "name": "@jupyterlab/example-cell",
  "version": "0.15.2",
  "lockfileVersion": 1,
  "requires": true,
  "dependencies": {
    "@types/codemirror": {
      "version": "0.0.56",
      "resolved": "https://registry.npmjs.org/@types/codemirror/-/codemirror-0.0.56.tgz",
      "integrity": "sha512-OMtPqg2wFOEcNeVga+m+UXpYJw8ugISPCQOtShdFUho/k91Ms1oWOozoDT1I87Phv6IdwLfMLtIOahh1tO1cJQ=="
    }
  }
}
